
Microsoft Visual Studio Solution File, Format Version 12.00
# Visual Studio Version 17
VisualStudioVersion = 17.3.32929.385
MinimumVisualStudioVersion = 10.0.40219.1
Project("{9A19103F-16F7-4668-BE54-9A1E7A4F7556}") = "ImGuiNET", "ImGuiNET\ImGuiNET.csproj", "{9648C15D-F5F9-45E3-B2FB-1A9B291334FF}"
EndProject
Project("{9A19103F-16F7-4668-BE54-9A1E7A4F7556}") = "ImGuiNET.Generator", "ImGuiNET.Generator\ImGuiNET.Generator.csproj", "{023B1F68-D654-4501-A99A-C499EBAAC295}"
EndProject
Project("{9A19103F-16F7-4668-BE54-9A1E7A4F7556}") = "ImGuiNET.Test", "ImGuiNET.Test\ImGuiNET.Test.csproj", "{0D17DAB9-49D8-4CFC-9814-24DBBF309BDF}"
EndProject
Project("{2150E333-8FDC-42A3-9474-1A3956D46DE8}") = "Solution Items", "Solution Items", "{347CA904-C6F9-4119-A6E6-0975B2F8C7AB}"
	ProjectSection(SolutionItems) = preProject
		.editorconfig = .editorconfig
	EndProjectSection
EndProject
Project("{8BC9CEB8-8B4A-11D0-8D11-00A0C91BC942}") = "imgui", "imgui\imgui.vcxproj", "{070BBD39-182C-4E55-ABBF-FABBC144BE24}"
EndProject
Global
	GlobalSection(SolutionConfigurationPlatforms) = preSolution
		Debug|Any CPU = Debug|Any CPU
		Debug|x64 = Debug|x64
		Debug|x86 = Debug|x86
		Release|Any CPU = Release|Any CPU
		Release|x64 = Release|x64
		Release|x86 = Release|x86
	EndGlobalSection
	GlobalSection(ProjectConfigurationPlatforms) = postSolution
		{9648C15D-F5F9-45E3-B2FB-1A9B291334FF}.Debug|Any CPU.ActiveCfg = Debug|Any CPU
		{9648C15D-F5F9-45E3-B2FB-1A9B291334FF}.Debug|Any CPU.Build.0 = Debug|Any CPU
		{9648C15D-F5F9-45E3-B2FB-1A9B291334FF}.Debug|x64.ActiveCfg = Debug|Any CPU
		{9648C15D-F5F9-45E3-B2FB-1A9B291334FF}.Debug|x64.Build.0 = Debug|Any CPU
		{9648C15D-F5F9-45E3-B2FB-1A9B291334FF}.Debug|x86.ActiveCfg = Debug|Any CPU
		{9648C15D-F5F9-45E3-B2FB-1A9B291334FF}.Debug|x86.Build.0 = Debug|Any CPU
		{9648C15D-F5F9-45E3-B2FB-1A9B291334FF}.Release|Any CPU.ActiveCfg = Release|Any CPU
		{9648C15D-F5F9-45E3-B2FB-1A9B291334FF}.Release|Any CPU.Build.0 = Release|Any CPU
		{9648C15D-F5F9-45E3-B2FB-1A9B291334FF}.Release|x64.ActiveCfg = Release|Any CPU
		{9648C15D-F5F9-45E3-B2FB-1A9B291334FF}.Release|x64.Build.0 = Release|Any CPU
		{9648C15D-F5F9-45E3-B2FB-1A9B291334FF}.Release|x86.ActiveCfg = Release|Any CPU
		{9648C15D-F5F9-45E3-B2FB-1A9B291334FF}.Release|x86.Build.0 = Release|Any CPU
		{023B1F68-D654-4501-A99A-C499EBAAC295}.Debug|Any CPU.ActiveCfg = Debug|Any CPU
		{023B1F68-D654-4501-A99A-C499EBAAC295}.Debug|Any CPU.Build.0 = Debug|Any CPU
		{023B1F68-D654-4501-A99A-C499EBAAC295}.Debug|x64.ActiveCfg = Debug|Any CPU
		{023B1F68-D654-4501-A99A-C499EBAAC295}.Debug|x64.Build.0 = Debug|Any CPU
		{023B1F68-D654-4501-A99A-C499EBAAC295}.Debug|x86.ActiveCfg = Debug|Any CPU
		{023B1F68-D654-4501-A99A-C499EBAAC295}.Debug|x86.Build.0 = Debug|Any CPU
		{023B1F68-D654-4501-A99A-C499EBAAC295}.Release|Any CPU.ActiveCfg = Release|Any CPU
		{023B1F68-D654-4501-A99A-C499EBAAC295}.Release|Any CPU.Build.0 = Release|Any CPU
		{023B1F68-D654-4501-A99A-C499EBAAC295}.Release|x64.ActiveCfg = Release|Any CPU
		{023B1F68-D654-4501-A99A-C499EBAAC295}.Release|x64.Build.0 = Release|Any CPU
		{023B1F68-D654-4501-A99A-C499EBAAC295}.Release|x86.ActiveCfg = Release|Any CPU
		{023B1F68-D654-4501-A99A-C499EBAAC295}.Release|x86.Build.0 = Release|Any CPU
		{0D17DAB9-49D8-4CFC-9814-24DBBF309BDF}.Debug|Any CPU.ActiveCfg = Debug|Any CPU
		{0D17DAB9-49D8-4CFC-9814-24DBBF309BDF}.Debug|Any CPU.Build.0 = Debug|Any CPU
		{0D17DAB9-49D8-4CFC-9814-24DBBF309BDF}.Debug|x64.ActiveCfg = Debug|Any CPU
		{0D17DAB9-49D8-4CFC-9814-24DBBF309BDF}.Debug|x64.Build.0 = Debug|Any CPU
		{0D17DAB9-49D8-4CFC-9814-24DBBF309BDF}.Debug|x86.ActiveCfg = Debug|Any CPU
		{0D17DAB9-49D8-4CFC-9814-24DBBF309BDF}.Debug|x86.Build.0 = Debug|Any CPU
		{0D17DAB9-49D8-4CFC-9814-24DBBF309BDF}.Release|Any CPU.ActiveCfg = Release|Any CPU
		{0D17DAB9-49D8-4CFC-9814-24DBBF309BDF}.Release|Any CPU.Build.0 = Release|Any CPU
		{0D17DAB9-49D8-4CFC-9814-24DBBF309BDF}.Release|x64.ActiveCfg = Release|Any CPU
		{0D17DAB9-49D8-4CFC-9814-24DBBF309BDF}.Release|x64.Build.0 = Release|Any CPU
		{0D17DAB9-49D8-4CFC-9814-24DBBF309BDF}.Release|x86.ActiveCfg = Release|Any CPU
		{0D17DAB9-49D8-4CFC-9814-24DBBF309BDF}.Release|x86.Build.0 = Release|Any CPU
		{070BBD39-182C-4E55-ABBF-FABBC144BE24}.Debug|Any CPU.ActiveCfg = Debug|x64
		{070BBD39-182C-4E55-ABBF-FABBC144BE24}.Debug|Any CPU.Build.0 = Debug|x64
		{070BBD39-182C-4E55-ABBF-FABBC144BE24}.Debug|x64.ActiveCfg = Debug|x64
		{070BBD39-182C-4E55-ABBF-FABBC144BE24}.Debug|x64.Build.0 = Debug|x64
		{070BBD39-182C-4E55-ABBF-FABBC144BE24}.Debug|x86.ActiveCfg = Debug|Win32
		{070BBD39-182C-4E55-ABBF-FABBC144BE24}.Debug|x86.Build.0 = Debug|Win32
		{070BBD39-182C-4E55-ABBF-FABBC144BE24}.Release|Any CPU.ActiveCfg = Release|x64
		{070BBD39-182C-4E55-ABBF-FABBC144BE24}.Release|Any CPU.Build.0 = Release|x64
		{070BBD39-182C-4E55-ABBF-FABBC144BE24}.Release|x64.ActiveCfg = Release|x64
		{070BBD39-182C-4E55-ABBF-FABBC144BE24}.Release|x64.Build.0 = Release|x64
		{070BBD39-182C-4E55-ABBF-FABBC144BE24}.Release|x86.ActiveCfg = Release|Win32
		{070BBD39-182C-4E55-ABBF-FABBC144BE24}.Release|x86.Build.0 = Release|Win32
	EndGlobalSection
	GlobalSection(SolutionProperties) = preSolution
		HideSolutionNode = FALSE
	EndGlobalSection
	GlobalSection(ExtensibilityGlobals) = postSolution
		SolutionGuid = {66B8D62F-5B87-4E36-8BFD-B551F98C9AC6}
	EndGlobalSection
EndGlobal
