
Microsoft Visual Studio Solution File, Format Version 12.00
# Visual Studio Version 17
VisualStudioVersion = 17.3.32929.385
MinimumVisualStudioVersion = 10.0.40219.1
Project("{9A19103F-16F7-4668-BE54-9A1E7A4F7556}") = "imgui.NET", "imgui.NET\imgui.NET.csproj", "{9648C15D-F5F9-45E3-B2FB-1A9B291334FF}"
EndProject
Project("{9A19103F-16F7-4668-BE54-9A1E7A4F7556}") = "imgui.NET.Generator", "imgui.NET.Generator\imgui.NET.Generator.csproj", "{023B1F68-D654-4501-A99A-C499EBAAC295}"
EndProject
Project("{2150E333-8FDC-42A3-9474-1A3956D46DE8}") = "Solution Items", "Solution Items", "{347CA904-C6F9-4119-A6E6-0975B2F8C7AB}"
	ProjectSection(SolutionItems) = preProject
		.editorconfig = .editorconfig
		Directory.Build.props = Directory.Build.props
	EndProjectSection
EndProject
Project("{9A19103F-16F7-4668-BE54-9A1E7A4F7556}") = "imgui.NET.OpenTK.Test", "imgui.NET.OpenTK.Test\imgui.NET.OpenTK.Test.csproj", "{102C660B-CFF3-499B-9F3D-CBE714EBBB85}"
EndProject
Project("{9A19103F-16F7-4668-BE54-9A1E7A4F7556}") = "imgui.NET.OpenTK", "imgui.NET.OpenTK\imgui.NET.OpenTK.csproj", "{C5A74D6B-2D9B-49B4-BE7D-F76D58ED93B9}"
EndProject
Project("{8BC9CEB8-8B4A-11D0-8D11-00A0C91BC942}") = "imgui", "imgui\imgui.vcxproj", "{064947C0-FF04-49D5-918F-5B491791A566}"
EndProject
Global
	GlobalSection(SolutionConfigurationPlatforms) = preSolution
		Debug|Any CPU = Debug|Any CPU
		Debug|x64 = Debug|x64
		Debug|x86 = Debug|x86
		Release|Any CPU = Release|Any CPU
		Release|x64 = Release|x64
		Release|x86 = Release|x86
	EndGlobalSection
	GlobalSection(ProjectConfigurationPlatforms) = postSolution
		{9648C15D-F5F9-45E3-B2FB-1A9B291334FF}.Debug|Any CPU.ActiveCfg = Debug|Any CPU
		{9648C15D-F5F9-45E3-B2FB-1A9B291334FF}.Debug|Any CPU.Build.0 = Debug|Any CPU
		{9648C15D-F5F9-45E3-B2FB-1A9B291334FF}.Debug|x64.ActiveCfg = Debug|Any CPU
		{9648C15D-F5F9-45E3-B2FB-1A9B291334FF}.Debug|x64.Build.0 = Debug|Any CPU
		{9648C15D-F5F9-45E3-B2FB-1A9B291334FF}.Debug|x86.ActiveCfg = Debug|Any CPU
		{9648C15D-F5F9-45E3-B2FB-1A9B291334FF}.Debug|x86.Build.0 = Debug|Any CPU
		{9648C15D-F5F9-45E3-B2FB-1A9B291334FF}.Release|Any CPU.ActiveCfg = Release|Any CPU
		{9648C15D-F5F9-45E3-B2FB-1A9B291334FF}.Release|Any CPU.Build.0 = Release|Any CPU
		{9648C15D-F5F9-45E3-B2FB-1A9B291334FF}.Release|x64.ActiveCfg = Release|Any CPU
		{9648C15D-F5F9-45E3-B2FB-1A9B291334FF}.Release|x64.Build.0 = Release|Any CPU
		{9648C15D-F5F9-45E3-B2FB-1A9B291334FF}.Release|x86.ActiveCfg = Release|Any CPU
		{9648C15D-F5F9-45E3-B2FB-1A9B291334FF}.Release|x86.Build.0 = Release|Any CPU
		{023B1F68-D654-4501-A99A-C499EBAAC295}.Debug|Any CPU.ActiveCfg = Debug|Any CPU
		{023B1F68-D654-4501-A99A-C499EBAAC295}.Debug|Any CPU.Build.0 = Debug|Any CPU
		{023B1F68-D654-4501-A99A-C499EBAAC295}.Debug|x64.ActiveCfg = Debug|Any CPU
		{023B1F68-D654-4501-A99A-C499EBAAC295}.Debug|x64.Build.0 = Debug|Any CPU
		{023B1F68-D654-4501-A99A-C499EBAAC295}.Debug|x86.ActiveCfg = Debug|Any CPU
		{023B1F68-D654-4501-A99A-C499EBAAC295}.Debug|x86.Build.0 = Debug|Any CPU
		{023B1F68-D654-4501-A99A-C499EBAAC295}.Release|Any CPU.ActiveCfg = Release|Any CPU
		{023B1F68-D654-4501-A99A-C499EBAAC295}.Release|Any CPU.Build.0 = Release|Any CPU
		{023B1F68-D654-4501-A99A-C499EBAAC295}.Release|x64.ActiveCfg = Release|Any CPU
		{023B1F68-D654-4501-A99A-C499EBAAC295}.Release|x64.Build.0 = Release|Any CPU
		{023B1F68-D654-4501-A99A-C499EBAAC295}.Release|x86.ActiveCfg = Release|Any CPU
		{023B1F68-D654-4501-A99A-C499EBAAC295}.Release|x86.Build.0 = Release|Any CPU
		{102C660B-CFF3-499B-9F3D-CBE714EBBB85}.Debug|Any CPU.ActiveCfg = Debug|Any CPU
		{102C660B-CFF3-499B-9F3D-CBE714EBBB85}.Debug|Any CPU.Build.0 = Debug|Any CPU
		{102C660B-CFF3-499B-9F3D-CBE714EBBB85}.Debug|x64.ActiveCfg = Debug|Any CPU
		{102C660B-CFF3-499B-9F3D-CBE714EBBB85}.Debug|x64.Build.0 = Debug|Any CPU
		{102C660B-CFF3-499B-9F3D-CBE714EBBB85}.Debug|x86.ActiveCfg = Debug|Any CPU
		{102C660B-CFF3-499B-9F3D-CBE714EBBB85}.Debug|x86.Build.0 = Debug|Any CPU
		{102C660B-CFF3-499B-9F3D-CBE714EBBB85}.Release|Any CPU.ActiveCfg = Release|Any CPU
		{102C660B-CFF3-499B-9F3D-CBE714EBBB85}.Release|Any CPU.Build.0 = Release|Any CPU
		{102C660B-CFF3-499B-9F3D-CBE714EBBB85}.Release|x64.ActiveCfg = Release|Any CPU
		{102C660B-CFF3-499B-9F3D-CBE714EBBB85}.Release|x64.Build.0 = Release|Any CPU
		{102C660B-CFF3-499B-9F3D-CBE714EBBB85}.Release|x86.ActiveCfg = Release|Any CPU
		{102C660B-CFF3-499B-9F3D-CBE714EBBB85}.Release|x86.Build.0 = Release|Any CPU
		{C5A74D6B-2D9B-49B4-BE7D-F76D58ED93B9}.Debug|Any CPU.ActiveCfg = Debug|Any CPU
		{C5A74D6B-2D9B-49B4-BE7D-F76D58ED93B9}.Debug|Any CPU.Build.0 = Debug|Any CPU
		{C5A74D6B-2D9B-49B4-BE7D-F76D58ED93B9}.Debug|x64.ActiveCfg = Debug|Any CPU
		{C5A74D6B-2D9B-49B4-BE7D-F76D58ED93B9}.Debug|x64.Build.0 = Debug|Any CPU
		{C5A74D6B-2D9B-49B4-BE7D-F76D58ED93B9}.Debug|x86.ActiveCfg = Debug|Any CPU
		{C5A74D6B-2D9B-49B4-BE7D-F76D58ED93B9}.Debug|x86.Build.0 = Debug|Any CPU
		{C5A74D6B-2D9B-49B4-BE7D-F76D58ED93B9}.Release|Any CPU.ActiveCfg = Release|Any CPU
		{C5A74D6B-2D9B-49B4-BE7D-F76D58ED93B9}.Release|Any CPU.Build.0 = Release|Any CPU
		{C5A74D6B-2D9B-49B4-BE7D-F76D58ED93B9}.Release|x64.ActiveCfg = Release|Any CPU
		{C5A74D6B-2D9B-49B4-BE7D-F76D58ED93B9}.Release|x64.Build.0 = Release|Any CPU
		{C5A74D6B-2D9B-49B4-BE7D-F76D58ED93B9}.Release|x86.ActiveCfg = Release|Any CPU
		{C5A74D6B-2D9B-49B4-BE7D-F76D58ED93B9}.Release|x86.Build.0 = Release|Any CPU
		{064947C0-FF04-49D5-918F-5B491791A566}.Debug|Any CPU.ActiveCfg = Debug|x64
		{064947C0-FF04-49D5-918F-5B491791A566}.Debug|Any CPU.Build.0 = Debug|x64
		{064947C0-FF04-49D5-918F-5B491791A566}.Debug|x64.ActiveCfg = Debug|x64
		{064947C0-FF04-49D5-918F-5B491791A566}.Debug|x64.Build.0 = Debug|x64
		{064947C0-FF04-49D5-918F-5B491791A566}.Debug|x86.ActiveCfg = Debug|Win32
		{064947C0-FF04-49D5-918F-5B491791A566}.Debug|x86.Build.0 = Debug|Win32
		{064947C0-FF04-49D5-918F-5B491791A566}.Release|Any CPU.ActiveCfg = Release|x64
		{064947C0-FF04-49D5-918F-5B491791A566}.Release|Any CPU.Build.0 = Release|x64
		{064947C0-FF04-49D5-918F-5B491791A566}.Release|x64.ActiveCfg = Release|x64
		{064947C0-FF04-49D5-918F-5B491791A566}.Release|x64.Build.0 = Release|x64
		{064947C0-FF04-49D5-918F-5B491791A566}.Release|x86.ActiveCfg = Release|Win32
		{064947C0-FF04-49D5-918F-5B491791A566}.Release|x86.Build.0 = Release|Win32
	EndGlobalSection
	GlobalSection(SolutionProperties) = preSolution
		HideSolutionNode = FALSE
	EndGlobalSection
	GlobalSection(ExtensibilityGlobals) = postSolution
		SolutionGuid = {66B8D62F-5B87-4E36-8BFD-B551F98C9AC6}
	EndGlobalSection
EndGlobal
